name: fingerprint-yaml-Adblock
manual: false
detail:
    fingerprint:
        name: Adblock
    fofa: header="X-Adblock-Key"
transport: http
rules:
    r0:
        request:
            cache: true
            method: GET
            path: /
            follow_redirects: true
        expression: response.raw_header.bcontains(bytes("X-Adblock-Key"))
expression: r0()
